
Microsoft Visual Studio Solution File, Format Version 12.00
# Visual Studio Version 16
VisualStudioVersion = 16.0.31005.135
MinimumVisualStudioVersion = 10.0.40219.1
Project("{FAE04EC0-301F-11D3-BF4B-00C04F79EFBC}") = "ByteBank.SistemaAgencia", "ByteBank\ByteBank.SistemaAgencia.csproj", "{C3A645F4-9931-4071-AF04-2C64F389CD00}"
EndProject
Project("{FAE04EC0-301F-11D3-BF4B-00C04F79EFBC}") = "ByteBank.Modelos", "ByteBank.Modelos\ByteBank.Modelos.csproj", "{9BB95C4A-CC2E-4D29-ACC9-E805D26A33E2}"
EndProject
Global
	GlobalSection(SolutionConfigurationPlatforms) = preSolution
		Debug|Any CPU = Debug|Any CPU
		Release|Any CPU = Release|Any CPU
	EndGlobalSection
	GlobalSection(ProjectConfigurationPlatforms) = postSolution
		{C3A645F4-9931-4071-AF04-2C64F389CD00}.Debug|Any CPU.ActiveCfg = Debug|Any CPU
		{C3A645F4-9931-4071-AF04-2C64F389CD00}.Debug|Any CPU.Build.0 = Debug|Any CPU
		{C3A645F4-9931-4071-AF04-2C64F389CD00}.Release|Any CPU.ActiveCfg = Release|Any CPU
		{C3A645F4-9931-4071-AF04-2C64F389CD00}.Release|Any CPU.Build.0 = Release|Any CPU
		{9BB95C4A-CC2E-4D29-ACC9-E805D26A33E2}.Debug|Any CPU.ActiveCfg = Debug|Any CPU
		{9BB95C4A-CC2E-4D29-ACC9-E805D26A33E2}.Debug|Any CPU.Build.0 = Debug|Any CPU
		{9BB95C4A-CC2E-4D29-ACC9-E805D26A33E2}.Release|Any CPU.ActiveCfg = Release|Any CPU
		{9BB95C4A-CC2E-4D29-ACC9-E805D26A33E2}.Release|Any CPU.Build.0 = Release|Any CPU
	EndGlobalSection
	GlobalSection(SolutionProperties) = preSolution
		HideSolutionNode = FALSE
	EndGlobalSection
	GlobalSection(ExtensibilityGlobals) = postSolution
		SolutionGuid = {19A71ED4-31B5-49CD-9D13-74EA864F87D7}
	EndGlobalSection
EndGlobal
